{
  "name": "ngx-mat-controls",
  "version": "1.0.0",
  "lockfileVersion": 1,
  "requires": true,
  "dependencies": {
    "@types/lodash": {
      "version": "4.14.178",
      "resolved": "https://registry.npmjs.org/@types/lodash/-/lodash-4.14.178.tgz",
      "integrity": "sha512-0d5Wd09ItQWH1qFbEyQ7oTQ3GZrMfth5JkbN3EvTKLXcHLRDSXeLnlvlOn0wvxVIwK5o2M8JzP/OWz7T3NRsbw==",
      "dev": true
    },
    "@types/lodash-es": {
      "version": "4.17.5",
      "resolved": "https://registry.npmjs.org/@types/lodash-es/-/lodash-es-4.17.5.tgz",
      "integrity": "sha512-SHBoI8/0aoMQWAgUHMQ599VM6ZiSKg8sh/0cFqqlQQMyY9uEplc0ULU5yQNzcvdR4ZKa0ey8+vFmahuRbOCT1A==",
      "dev": true,
      "requires": {
        "@types/lodash": "*"
      }
    },
    "date-fns": {
      "version": "2.16.1",
      "resolved": "https://registry.npmjs.org/date-fns/-/date-fns-2.16.1.tgz",
      "integrity": "sha512-sAJVKx/FqrLYHAQeN7VpJrPhagZc9R4ImZIWYRFZaaohR3KzmuK88touwsSwSVT8Qcbd4zoDsnGfX4GFB4imyQ=="
    },
    "filesize": {
      "version": "8.0.7",
      "resolved": "https://registry.npmjs.org/filesize/-/filesize-8.0.7.tgz",
      "integrity": "sha512-pjmC+bkIF8XI7fWaH8KxHcZL3DPybs1roSKP4rKDvy20tAWwIObE4+JIseG2byfGKhud5ZnM4YSGKBz7Sh0ndQ=="
    },
    "lodash-es": {
      "version": "4.17.21",
      "resolved": "https://registry.npmjs.org/lodash-es/-/lodash-es-4.17.21.tgz",
      "integrity": "sha512-mKnC+QJ9pWVzv+C4/U3rRsHapFfHvQFoFB92e52xeyGMcX6/OlIl78je1u8vePzYZSkkogMPJ2yjxxsb89cxyw=="
    },
    "ngx-awesome-uploader": {
      "version": "12.0.2",
      "resolved": "https://registry.npmjs.org/ngx-awesome-uploader/-/ngx-awesome-uploader-12.0.2.tgz",
      "integrity": "sha512-bLQcm+Hk7W4GsufHA0cTeK2ZXmjn+av2n/LnT+e9b9Ik7TU58ydH4eX+lAJih33AvTsaM4mH5DZMiT+4WY8AXw==",
      "requires": {
        "tslib": "^2.0.0"
      }
    },
    "ngx-filesize": {
      "version": "2.0.16",
      "resolved": "https://registry.npmjs.org/ngx-filesize/-/ngx-filesize-2.0.16.tgz",
      "integrity": "sha512-VdaCirE7hSyfQh8ZEmhzNEhbddiTYUHF4V6OX+KyTmnQSVx4hp9kmzDX5YlkIlmClI6wI+LZmH9/q7XS3fsMPA==",
      "requires": {
        "filesize": ">= 4.0.0",
        "tslib": "^2.0.0"
      }
    },
    "ngx-mask": {
      "version": "12.0.0",
      "resolved": "https://registry.npmjs.org/ngx-mask/-/ngx-mask-12.0.0.tgz",
      "integrity": "sha512-q4vUjhjJfg4faRud/tUdCTOs3JA6B+rBB2OPZ2xBZy4LNTRKGfUK683LrDCitMVBezjEAVrkQdUT1I4C7LXBZQ==",
      "requires": {
        "tslib": "^2.1.0"
      }
    },
    "ngx-mat-select-search": {
      "version": "3.3.0",
      "resolved": "https://registry.npmjs.org/ngx-mat-select-search/-/ngx-mat-select-search-3.3.0.tgz",
      "integrity": "sha512-OLLkNpWdFvb+AKtKEuq0G48gz9l5HA1WuVBuayOubekpq3UlMUHh+xr9TFh5DX4VY6NektTzG/XYfdAh5Sg9dg==",
      "requires": {
        "tslib": "^1.9.0"
      },
      "dependencies": {
        "tslib": {
          "version": "1.14.1",
          "resolved": "https://registry.npmjs.org/tslib/-/tslib-1.14.1.tgz",
          "integrity": "sha512-Xni35NKzjgMrwevysHTCArtLDpPvye8zV/0E4EyYn43P7/7qvQwPh9BGkHewbMulVntbigmcT7rdX3BNo9wRJg=="
        }
      }
    },
    "tslib": {
      "version": "2.3.1",
      "resolved": "https://registry.npmjs.org/tslib/-/tslib-2.3.1.tgz",
      "integrity": "sha512-77EbyPPpMz+FRFRuAFlWMtmgUWGe9UOG2Z25NqCwiIjRhOf5iKGuzSe5P2w1laq+FkRy4p+PCuVkJSGkzTEKVw=="
    }
  }
}
